
Microsoft Visual Studio Solution File, Format Version 12.00
# Visual Studio Version 17
VisualStudioVersion = 17.13.35931.197
MinimumVisualStudioVersion = 10.0.40219.1
Project("{2150E333-8FDC-42A3-9474-1A3956D46DE8}") = "1-Presentacion", "1-Presentacion", "{02EA681E-C7D8-13C7-8484-4AC65E1B71E8}"
EndProject
Project("{2150E333-8FDC-42A3-9474-1A3956D46DE8}") = "2-Servicios", "2-Servicios", "{3BD8C57A-6EAD-406C-8C76-5FD2D9ED1A63}"
EndProject
Project("{2150E333-8FDC-42A3-9474-1A3956D46DE8}") = "3-AccesoDatos", "3-AccesoDatos", "{111693E0-6DB3-48CB-A8D2-F15DF239F60C}"
EndProject
Project("{FAE04EC0-301F-11D3-BF4B-00C04F79EFBC}") = "Presentacion", "Presentacion\Presentacion.csproj", "{51ADC5AA-CB76-4BA7-A33D-3430AADA9EDB}"
EndProject
Project("{FAE04EC0-301F-11D3-BF4B-00C04F79EFBC}") = "Servicios", "Servicios\Servicios.csproj", "{7CC3AFFE-423F-4F31-ADCE-9532FF38C707}"
EndProject
Project("{FAE04EC0-301F-11D3-BF4B-00C04F79EFBC}") = "AccesoDatos", "AccesoDatos\AccesoDatos.csproj", "{AEC0FDAC-5634-4646-87E3-889AE61FB72E}"
EndProject
Project("{FAE04EC0-301F-11D3-BF4B-00C04F79EFBC}") = "Presentacion.FBase", "Presentacion.FBase\Presentacion.FBase.csproj", "{19CB8EAC-1584-4670-B300-AEE30595CB2F}"
EndProject
Project("{FAE04EC0-301F-11D3-BF4B-00C04F79EFBC}") = "Presentacion.Constantes", "Presentacion.Constantes\Presentacion.Constantes.csproj", "{58610091-080D-49EF-B1A3-236EED1FDC50}"
EndProject
Project("{FAE04EC0-301F-11D3-BF4B-00C04F79EFBC}") = "Servicios.AccesoSistema", "Servicios.AccesoSistema\Servicios.AccesoSistema.csproj", "{EF7E3410-F6D0-4A95-A5DB-00FE8842EE15}"
EndProject
Project("{FAE04EC0-301F-11D3-BF4B-00C04F79EFBC}") = "Presentacion.AccesoAlSistema", "Presentacion.AccesoAlSistema\Presentacion.AccesoAlSistema.csproj", "{CA42A3C9-2B9C-4449-A664-4E42C058993E}"
EndProject
Project("{FAE04EC0-301F-11D3-BF4B-00C04F79EFBC}") = "Presentacion.Core", "Presentacion.Core\Presentacion.Core.csproj", "{95B3F561-D51A-4EC6-941D-2255388FD7C7}"
EndProject
Project("{FAE04EC0-301F-11D3-BF4B-00C04F79EFBC}") = "Servicios.Core", "Servicios.Core\Servicios.Core.csproj", "{850AAC30-E565-4DF8-AF1C-9191872EB5DB}"
EndProject
Global
	GlobalSection(SolutionConfigurationPlatforms) = preSolution
		Debug|Any CPU = Debug|Any CPU
		Release|Any CPU = Release|Any CPU
	EndGlobalSection
	GlobalSection(ProjectConfigurationPlatforms) = postSolution
		{51ADC5AA-CB76-4BA7-A33D-3430AADA9EDB}.Debug|Any CPU.ActiveCfg = Debug|Any CPU
		{51ADC5AA-CB76-4BA7-A33D-3430AADA9EDB}.Debug|Any CPU.Build.0 = Debug|Any CPU
		{51ADC5AA-CB76-4BA7-A33D-3430AADA9EDB}.Release|Any CPU.ActiveCfg = Release|Any CPU
		{51ADC5AA-CB76-4BA7-A33D-3430AADA9EDB}.Release|Any CPU.Build.0 = Release|Any CPU
		{7CC3AFFE-423F-4F31-ADCE-9532FF38C707}.Debug|Any CPU.ActiveCfg = Debug|Any CPU
		{7CC3AFFE-423F-4F31-ADCE-9532FF38C707}.Debug|Any CPU.Build.0 = Debug|Any CPU
		{7CC3AFFE-423F-4F31-ADCE-9532FF38C707}.Release|Any CPU.ActiveCfg = Release|Any CPU
		{7CC3AFFE-423F-4F31-ADCE-9532FF38C707}.Release|Any CPU.Build.0 = Release|Any CPU
		{AEC0FDAC-5634-4646-87E3-889AE61FB72E}.Debug|Any CPU.ActiveCfg = Debug|Any CPU
		{AEC0FDAC-5634-4646-87E3-889AE61FB72E}.Debug|Any CPU.Build.0 = Debug|Any CPU
		{AEC0FDAC-5634-4646-87E3-889AE61FB72E}.Release|Any CPU.ActiveCfg = Release|Any CPU
		{AEC0FDAC-5634-4646-87E3-889AE61FB72E}.Release|Any CPU.Build.0 = Release|Any CPU
		{19CB8EAC-1584-4670-B300-AEE30595CB2F}.Debug|Any CPU.ActiveCfg = Debug|Any CPU
		{19CB8EAC-1584-4670-B300-AEE30595CB2F}.Debug|Any CPU.Build.0 = Debug|Any CPU
		{19CB8EAC-1584-4670-B300-AEE30595CB2F}.Release|Any CPU.ActiveCfg = Release|Any CPU
		{19CB8EAC-1584-4670-B300-AEE30595CB2F}.Release|Any CPU.Build.0 = Release|Any CPU
		{58610091-080D-49EF-B1A3-236EED1FDC50}.Debug|Any CPU.ActiveCfg = Debug|Any CPU
		{58610091-080D-49EF-B1A3-236EED1FDC50}.Debug|Any CPU.Build.0 = Debug|Any CPU
		{58610091-080D-49EF-B1A3-236EED1FDC50}.Release|Any CPU.ActiveCfg = Release|Any CPU
		{58610091-080D-49EF-B1A3-236EED1FDC50}.Release|Any CPU.Build.0 = Release|Any CPU
		{EF7E3410-F6D0-4A95-A5DB-00FE8842EE15}.Debug|Any CPU.ActiveCfg = Debug|Any CPU
		{EF7E3410-F6D0-4A95-A5DB-00FE8842EE15}.Debug|Any CPU.Build.0 = Debug|Any CPU
		{EF7E3410-F6D0-4A95-A5DB-00FE8842EE15}.Release|Any CPU.ActiveCfg = Release|Any CPU
		{EF7E3410-F6D0-4A95-A5DB-00FE8842EE15}.Release|Any CPU.Build.0 = Release|Any CPU
		{CA42A3C9-2B9C-4449-A664-4E42C058993E}.Debug|Any CPU.ActiveCfg = Debug|Any CPU
		{CA42A3C9-2B9C-4449-A664-4E42C058993E}.Debug|Any CPU.Build.0 = Debug|Any CPU
		{CA42A3C9-2B9C-4449-A664-4E42C058993E}.Release|Any CPU.ActiveCfg = Release|Any CPU
		{CA42A3C9-2B9C-4449-A664-4E42C058993E}.Release|Any CPU.Build.0 = Release|Any CPU
		{95B3F561-D51A-4EC6-941D-2255388FD7C7}.Debug|Any CPU.ActiveCfg = Debug|Any CPU
		{95B3F561-D51A-4EC6-941D-2255388FD7C7}.Debug|Any CPU.Build.0 = Debug|Any CPU
		{95B3F561-D51A-4EC6-941D-2255388FD7C7}.Release|Any CPU.ActiveCfg = Release|Any CPU
		{95B3F561-D51A-4EC6-941D-2255388FD7C7}.Release|Any CPU.Build.0 = Release|Any CPU
		{850AAC30-E565-4DF8-AF1C-9191872EB5DB}.Debug|Any CPU.ActiveCfg = Debug|Any CPU
		{850AAC30-E565-4DF8-AF1C-9191872EB5DB}.Debug|Any CPU.Build.0 = Debug|Any CPU
		{850AAC30-E565-4DF8-AF1C-9191872EB5DB}.Release|Any CPU.ActiveCfg = Release|Any CPU
		{850AAC30-E565-4DF8-AF1C-9191872EB5DB}.Release|Any CPU.Build.0 = Release|Any CPU
	EndGlobalSection
	GlobalSection(SolutionProperties) = preSolution
		HideSolutionNode = FALSE
	EndGlobalSection
	GlobalSection(NestedProjects) = preSolution
		{51ADC5AA-CB76-4BA7-A33D-3430AADA9EDB} = {02EA681E-C7D8-13C7-8484-4AC65E1B71E8}
		{7CC3AFFE-423F-4F31-ADCE-9532FF38C707} = {3BD8C57A-6EAD-406C-8C76-5FD2D9ED1A63}
		{AEC0FDAC-5634-4646-87E3-889AE61FB72E} = {111693E0-6DB3-48CB-A8D2-F15DF239F60C}
		{19CB8EAC-1584-4670-B300-AEE30595CB2F} = {02EA681E-C7D8-13C7-8484-4AC65E1B71E8}
		{58610091-080D-49EF-B1A3-236EED1FDC50} = {02EA681E-C7D8-13C7-8484-4AC65E1B71E8}
		{EF7E3410-F6D0-4A95-A5DB-00FE8842EE15} = {3BD8C57A-6EAD-406C-8C76-5FD2D9ED1A63}
		{CA42A3C9-2B9C-4449-A664-4E42C058993E} = {02EA681E-C7D8-13C7-8484-4AC65E1B71E8}
		{95B3F561-D51A-4EC6-941D-2255388FD7C7} = {02EA681E-C7D8-13C7-8484-4AC65E1B71E8}
		{850AAC30-E565-4DF8-AF1C-9191872EB5DB} = {3BD8C57A-6EAD-406C-8C76-5FD2D9ED1A63}
	EndGlobalSection
	GlobalSection(ExtensibilityGlobals) = postSolution
		SolutionGuid = {F4840AE6-2A88-4D0F-8D79-6D7F2C66A28F}
	EndGlobalSection
EndGlobal
